// !$*UTF8*$!
{
	archiveVersion = 1;
	classes = {
	};
	objectVersion = 50;
	objects = {

/* Begin PBXBuildFile section */
		49153F5A21ABD818003D2E15 /* CommentController.swift in Sources */ = {isa = PBXBuildFile; fileRef = 49153F5921ABD818003D2E15 /* CommentController.swift */; };
		49153F5C21AC0B61003D2E15 /* Comment.swift in Sources */ = {isa = PBXBuildFile; fileRef = 49153F5B21AC0B61003D2E15 /* Comment.swift */; };
		49153F5E21AC0BDD003D2E15 /* CommentCell.swift in Sources */ = {isa = PBXBuildFile; fileRef = 49153F5D21AC0BDD003D2E15 /* CommentCell.swift */; };
		4933EFD321A82C59001027D7 /* LoginViewController.swift in Sources */ = {isa = PBXBuildFile; fileRef = 4933EFD221A82C59001027D7 /* LoginViewController.swift */; };
		4933EFD521A83874001027D7 /* Utility.swift in Sources */ = {isa = PBXBuildFile; fileRef = 4933EFD421A83874001027D7 /* Utility.swift */; };
		49882A8121A5780E009457D4 /* AppDelegate.swift in Sources */ = {isa = PBXBuildFile; fileRef = 49882A8021A5780E009457D4 /* AppDelegate.swift */; };
		49882A8821A5780F009457D4 /* Assets.xcassets in Resources */ = {isa = PBXBuildFile; fileRef = 49882A8721A5780F009457D4 /* Assets.xcassets */; };
		49882A8B21A5780F009457D4 /* LaunchScreen.storyboard in Resources */ = {isa = PBXBuildFile; fileRef = 49882A8921A5780F009457D4 /* LaunchScreen.storyboard */; };
		49882A9521A578BA009457D4 /* RegisterController.swift in Sources */ = {isa = PBXBuildFile; fileRef = 49882A9421A578BA009457D4 /* RegisterController.swift */; };
		49882A9921A5F001009457D4 /* Extensions.swift in Sources */ = {isa = PBXBuildFile; fileRef = 49882A9821A5F001009457D4 /* Extensions.swift */; };
		49882A9B21A68F07009457D4 /* GoogleService-Info.plist in Resources */ = {isa = PBXBuildFile; fileRef = 49882A9A21A68F07009457D4 /* GoogleService-Info.plist */; };
		49882A9D21A6EBB1009457D4 /* MainTabBarController.swift in Sources */ = {isa = PBXBuildFile; fileRef = 49882A9C21A6EBB1009457D4 /* MainTabBarController.swift */; };
		49882A9F21A6EBE1009457D4 /* UserProfileController.swift in Sources */ = {isa = PBXBuildFile; fileRef = 49882A9E21A6EBE1009457D4 /* UserProfileController.swift */; };
		49882AA221A6F1AE009457D4 /* User.swift in Sources */ = {isa = PBXBuildFile; fileRef = 49882AA121A6F1AE009457D4 /* User.swift */; };
		49882AA521A6F87D009457D4 /* UserProfileHeader.swift in Sources */ = {isa = PBXBuildFile; fileRef = 49882AA421A6F87D009457D4 /* UserProfileHeader.swift */; };
		49882AA721A71018009457D4 /* Service.swift in Sources */ = {isa = PBXBuildFile; fileRef = 49882AA621A71018009457D4 /* Service.swift */; };
		7F42A67A1BC5124CCA2E819B /* Pods_InstagramClone.framework in Frameworks */ = {isa = PBXBuildFile; fileRef = 56EB8E6E10A732DEF5CF419D /* Pods_InstagramClone.framework */; };
		9D4CB0C621A9FA8E004CA660 /* UserSearchCell.swift in Sources */ = {isa = PBXBuildFile; fileRef = 9D4CB0C521A9FA8E004CA660 /* UserSearchCell.swift */; };
		9D4CB0C821AAE93F004CA660 /* CameraController.swift in Sources */ = {isa = PBXBuildFile; fileRef = 9D4CB0C721AAE93F004CA660 /* CameraController.swift */; };
		9D4CB0CA21AB0132004CA660 /* PreviewImageContainerView.swift in Sources */ = {isa = PBXBuildFile; fileRef = 9D4CB0C921AB0132004CA660 /* PreviewImageContainerView.swift */; };
		9D4CB0CC21AB1FC2004CA660 /* SKAnimationPresenter.swift in Sources */ = {isa = PBXBuildFile; fileRef = 9D4CB0CB21AB1FC2004CA660 /* SKAnimationPresenter.swift */; };
		9D8F904F21A87EB6004765E1 /* FavoritesController.swift in Sources */ = {isa = PBXBuildFile; fileRef = 9D8F904E21A87EB6004765E1 /* FavoritesController.swift */; };
		9D8F905121A87EC5004765E1 /* SearchController.swift in Sources */ = {isa = PBXBuildFile; fileRef = 9D8F905021A87EC5004765E1 /* SearchController.swift */; };
		9D8F905321A87ECE004765E1 /* HomeController.swift in Sources */ = {isa = PBXBuildFile; fileRef = 9D8F905221A87ECE004765E1 /* HomeController.swift */; };
		9D8F905621A8919B004765E1 /* AddPhotoController.swift in Sources */ = {isa = PBXBuildFile; fileRef = 9D8F905521A8919B004765E1 /* AddPhotoController.swift */; };
		9D8F905821A8A50C004765E1 /* AddPhotoCell.swift in Sources */ = {isa = PBXBuildFile; fileRef = 9D8F905721A8A50C004765E1 /* AddPhotoCell.swift */; };
		9D8F905A21A8A695004765E1 /* AddPhotoHeader.swift in Sources */ = {isa = PBXBuildFile; fileRef = 9D8F905921A8A695004765E1 /* AddPhotoHeader.swift */; };
		9D8F905C21A92C59004765E1 /* SharePhotoController.swift in Sources */ = {isa = PBXBuildFile; fileRef = 9D8F905B21A92C59004765E1 /* SharePhotoController.swift */; };
		9D8F905E21A94069004765E1 /* Post.swift in Sources */ = {isa = PBXBuildFile; fileRef = 9D8F905D21A94069004765E1 /* Post.swift */; };
		9D8F906021A94DFB004765E1 /* UserProfileCell.swift in Sources */ = {isa = PBXBuildFile; fileRef = 9D8F905F21A94DFB004765E1 /* UserProfileCell.swift */; };
		9D8F906221A99734004765E1 /* HomePostCell.swift in Sources */ = {isa = PBXBuildFile; fileRef = 9D8F906121A99734004765E1 /* HomePostCell.swift */; };
/* End PBXBuildFile section */

/* Begin PBXFileReference section */
		49153F5921ABD818003D2E15 /* CommentController.swift */ = {isa = PBXFileReference; lastKnownFileType = sourcecode.swift; path = CommentController.swift; sourceTree = "<group>"; };
		49153F5B21AC0B61003D2E15 /* Comment.swift */ = {isa = PBXFileReference; lastKnownFileType = sourcecode.swift; path = Comment.swift; sourceTree = "<group>"; };
		49153F5D21AC0BDD003D2E15 /* CommentCell.swift */ = {isa = PBXFileReference; lastKnownFileType = sourcecode.swift; path = CommentCell.swift; sourceTree = "<group>"; };
		49153F5F21AD5383003D2E15 /* InstagramClone.entitlements */ = {isa = PBXFileReference; lastKnownFileType = text.plist.entitlements; path = InstagramClone.entitlements; sourceTree = "<group>"; };
		4933EFD221A82C59001027D7 /* LoginViewController.swift */ = {isa = PBXFileReference; lastKnownFileType = sourcecode.swift; path = LoginViewController.swift; sourceTree = "<group>"; };
		4933EFD421A83874001027D7 /* Utility.swift */ = {isa = PBXFileReference; lastKnownFileType = sourcecode.swift; path = Utility.swift; sourceTree = "<group>"; };
		49882A7D21A5780E009457D4 /* InstagramClone.app */ = {isa = PBXFileReference; explicitFileType = wrapper.application; includeInIndex = 0; path = InstagramClone.app; sourceTree = BUILT_PRODUCTS_DIR; };
		49882A8021A5780E009457D4 /* AppDelegate.swift */ = {isa = PBXFileReference; lastKnownFileType = sourcecode.swift; path = AppDelegate.swift; sourceTree = "<group>"; };
		49882A8721A5780F009457D4 /* Assets.xcassets */ = {isa = PBXFileReference; lastKnownFileType = folder.assetcatalog; path = Assets.xcassets; sourceTree = "<group>"; };
		49882A8A21A5780F009457D4 /* Base */ = {isa = PBXFileReference; lastKnownFileType = file.storyboard; name = Base; path = Base.lproj/LaunchScreen.storyboard; sourceTree = "<group>"; };
		49882A8C21A5780F009457D4 /* Info.plist */ = {isa = PBXFileReference; lastKnownFileType = text.plist.xml; path = Info.plist; sourceTree = "<group>"; };
		49882A9421A578BA009457D4 /* RegisterController.swift */ = {isa = PBXFileReference; lastKnownFileType = sourcecode.swift; path = RegisterController.swift; sourceTree = "<group>"; };
		49882A9821A5F001009457D4 /* Extensions.swift */ = {isa = PBXFileReference; lastKnownFileType = sourcecode.swift; path = Extensions.swift; sourceTree = "<group>"; };
		49882A9A21A68F07009457D4 /* GoogleService-Info.plist */ = {isa = PBXFileReference; fileEncoding = 4; lastKnownFileType = text.plist.xml; path = "GoogleService-Info.plist"; sourceTree = "<group>"; };
		49882A9C21A6EBB1009457D4 /* MainTabBarController.swift */ = {isa = PBXFileReference; lastKnownFileType = sourcecode.swift; path = MainTabBarController.swift; sourceTree = "<group>"; };
		49882A9E21A6EBE1009457D4 /* UserProfileController.swift */ = {isa = PBXFileReference; lastKnownFileType = sourcecode.swift; path = UserProfileController.swift; sourceTree = "<group>"; };
		49882AA121A6F1AE009457D4 /* User.swift */ = {isa = PBXFileReference; lastKnownFileType = sourcecode.swift; path = User.swift; sourceTree = "<group>"; };
		49882AA421A6F87D009457D4 /* UserProfileHeader.swift */ = {isa = PBXFileReference; lastKnownFileType = sourcecode.swift; path = UserProfileHeader.swift; sourceTree = "<group>"; };
		49882AA621A71018009457D4 /* Service.swift */ = {isa = PBXFileReference; lastKnownFileType = sourcecode.swift; path = Service.swift; sourceTree = "<group>"; };
		56EB8E6E10A732DEF5CF419D /* Pods_InstagramClone.framework */ = {isa = PBXFileReference; explicitFileType = wrapper.framework; includeInIndex = 0; path = Pods_InstagramClone.framework; sourceTree = BUILT_PRODUCTS_DIR; };
		9D4CB0C521A9FA8E004CA660 /* UserSearchCell.swift */ = {isa = PBXFileReference; lastKnownFileType = sourcecode.swift; path = UserSearchCell.swift; sourceTree = "<group>"; };
		9D4CB0C721AAE93F004CA660 /* CameraController.swift */ = {isa = PBXFileReference; lastKnownFileType = sourcecode.swift; path = CameraController.swift; sourceTree = "<group>"; };
		9D4CB0C921AB0132004CA660 /* PreviewImageContainerView.swift */ = {isa = PBXFileReference; lastKnownFileType = sourcecode.swift; path = PreviewImageContainerView.swift; sourceTree = "<group>"; };
		9D4CB0CB21AB1FC2004CA660 /* SKAnimationPresenter.swift */ = {isa = PBXFileReference; lastKnownFileType = sourcecode.swift; path = SKAnimationPresenter.swift; sourceTree = "<group>"; };
		9D8F904E21A87EB6004765E1 /* FavoritesController.swift */ = {isa = PBXFileReference; lastKnownFileType = sourcecode.swift; path = FavoritesController.swift; sourceTree = "<group>"; };
		9D8F905021A87EC5004765E1 /* SearchController.swift */ = {isa = PBXFileReference; lastKnownFileType = sourcecode.swift; path = SearchController.swift; sourceTree = "<group>"; };
		9D8F905221A87ECE004765E1 /* HomeController.swift */ = {isa = PBXFileReference; lastKnownFileType = sourcecode.swift; path = HomeController.swift; sourceTree = "<group>"; };
		9D8F905521A8919B004765E1 /* AddPhotoController.swift */ = {isa = PBXFileReference; lastKnownFileType = sourcecode.swift; path = AddPhotoController.swift; sourceTree = "<group>"; };
		9D8F905721A8A50C004765E1 /* AddPhotoCell.swift */ = {isa = PBXFileReference; lastKnownFileType = sourcecode.swift; path = AddPhotoCell.swift; sourceTree = "<group>"; };
		9D8F905921A8A695004765E1 /* AddPhotoHeader.swift */ = {isa = PBXFileReference; lastKnownFileType = sourcecode.swift; path = AddPhotoHeader.swift; sourceTree = "<group>"; };
		9D8F905B21A92C59004765E1 /* SharePhotoController.swift */ = {isa = PBXFileReference; lastKnownFileType = sourcecode.swift; path = SharePhotoController.swift; sourceTree = "<group>"; };
		9D8F905D21A94069004765E1 /* Post.swift */ = {isa = PBXFileReference; lastKnownFileType = sourcecode.swift; path = Post.swift; sourceTree = "<group>"; };
		9D8F905F21A94DFB004765E1 /* UserProfileCell.swift */ = {isa = PBXFileReference; lastKnownFileType = sourcecode.swift; path = UserProfileCell.swift; sourceTree = "<group>"; };
		9D8F906121A99734004765E1 /* HomePostCell.swift */ = {isa = PBXFileReference; lastKnownFileType = sourcecode.swift; path = HomePostCell.swift; sourceTree = "<group>"; };
		D9320A9F3354507AFDE243B4 /* Pods-InstagramClone.debug.xcconfig */ = {isa = PBXFileReference; includeInIndex = 1; lastKnownFileType = text.xcconfig; name = "Pods-InstagramClone.debug.xcconfig"; path = "Pods/Target Support Files/Pods-InstagramClone/Pods-InstagramClone.debug.xcconfig"; sourceTree = "<group>"; };
		F544664B4E58C7A1F9CDD3AB /* Pods-InstagramClone.release.xcconfig */ = {isa = PBXFileReference; includeInIndex = 1; lastKnownFileType = text.xcconfig; name = "Pods-InstagramClone.release.xcconfig"; path = "Pods/Target Support Files/Pods-InstagramClone/Pods-InstagramClone.release.xcconfig"; sourceTree = "<group>"; };
/* End PBXFileReference section */

/* Begin PBXFrameworksBuildPhase section */
		49882A7A21A5780E009457D4 /* Frameworks */ = {
			isa = PBXFrameworksBuildPhase;
			buildActionMask = 2147483647;
			files = (
				7F42A67A1BC5124CCA2E819B /* Pods_InstagramClone.framework in Frameworks */,
			);
			runOnlyForDeploymentPostprocessing = 0;
		};
/* End PBXFrameworksBuildPhase section */

/* Begin PBXGroup section */
		473028E1339995AB03951097 /* Frameworks */ = {
			isa = PBXGroup;
			children = (
				56EB8E6E10A732DEF5CF419D /* Pods_InstagramClone.framework */,
			);
			name = Frameworks;
			sourceTree = "<group>";
		};
		4933EFD021A82C27001027D7 /* Login-Register */ = {
			isa = PBXGroup;
			children = (
				4933EFD221A82C59001027D7 /* LoginViewController.swift */,
				49882A9421A578BA009457D4 /* RegisterController.swift */,
			);
			path = "Login-Register";
			sourceTree = "<group>";
		};
		4933EFD121A82C35001027D7 /* Profile */ = {
			isa = PBXGroup;
			children = (
				49882A9E21A6EBE1009457D4 /* UserProfileController.swift */,
			);
			path = Profile;
			sourceTree = "<group>";
		};
		49882A7421A5780E009457D4 = {
			isa = PBXGroup;
			children = (
				49882A7F21A5780E009457D4 /* InstagramClone */,
				49882A7E21A5780E009457D4 /* Products */,
				72A73252740C1F9C0A616662 /* Pods */,
				473028E1339995AB03951097 /* Frameworks */,
			);
			sourceTree = "<group>";
		};
		49882A7E21A5780E009457D4 /* Products */ = {
			isa = PBXGroup;
			children = (
				49882A7D21A5780E009457D4 /* InstagramClone.app */,
			);
			name = Products;
			sourceTree = "<group>";
		};
		49882A7F21A5780E009457D4 /* InstagramClone */ = {
			isa = PBXGroup;
			children = (
				49882AA321A6F86A009457D4 /* Views */,
				49882AA021A6F19B009457D4 /* Models */,
				49882A9621A5EFEB009457D4 /* Utility */,
				49882A9321A57896009457D4 /* Controllers */,
				49882A9221A5785B009457D4 /* Resources */,
			);
			path = InstagramClone;
			sourceTree = "<group>";
		};
		49882A9221A5785B009457D4 /* Resources */ = {
			isa = PBXGroup;
			children = (
				49153F5F21AD5383003D2E15 /* InstagramClone.entitlements */,
				49882A9A21A68F07009457D4 /* GoogleService-Info.plist */,
				49882A8021A5780E009457D4 /* AppDelegate.swift */,
				49882A8721A5780F009457D4 /* Assets.xcassets */,
				49882A8921A5780F009457D4 /* LaunchScreen.storyboard */,
				49882A8C21A5780F009457D4 /* Info.plist */,
			);
			path = Resources;
			sourceTree = "<group>";
		};
		49882A9321A57896009457D4 /* Controllers */ = {
			isa = PBXGroup;
			children = (
				9D8F904A21A87E55004765E1 /* TabBar */,
				4933EFD021A82C27001027D7 /* Login-Register */,
			);
			path = Controllers;
			sourceTree = "<group>";
		};
		49882A9621A5EFEB009457D4 /* Utility */ = {
			isa = PBXGroup;
			children = (
				49882A9821A5F001009457D4 /* Extensions.swift */,
				49882AA621A71018009457D4 /* Service.swift */,
				4933EFD421A83874001027D7 /* Utility.swift */,
				9D4CB0CB21AB1FC2004CA660 /* SKAnimationPresenter.swift */,
			);
			path = Utility;
			sourceTree = "<group>";
		};
		49882AA021A6F19B009457D4 /* Models */ = {
			isa = PBXGroup;
			children = (
				49882AA121A6F1AE009457D4 /* User.swift */,
				9D8F905D21A94069004765E1 /* Post.swift */,
				49153F5B21AC0B61003D2E15 /* Comment.swift */,
			);
			path = Models;
			sourceTree = "<group>";
		};
		49882AA321A6F86A009457D4 /* Views */ = {
			isa = PBXGroup;
			children = (
				9D4CB0C921AB0132004CA660 /* PreviewImageContainerView.swift */,
				49882AA421A6F87D009457D4 /* UserProfileHeader.swift */,
				9D8F905721A8A50C004765E1 /* AddPhotoCell.swift */,
				9D8F905921A8A695004765E1 /* AddPhotoHeader.swift */,
				9D8F905F21A94DFB004765E1 /* UserProfileCell.swift */,
				9D8F906121A99734004765E1 /* HomePostCell.swift */,
				9D4CB0C521A9FA8E004CA660 /* UserSearchCell.swift */,
				49153F5D21AC0BDD003D2E15 /* CommentCell.swift */,
			);
			path = Views;
			sourceTree = "<group>";
		};
		72A73252740C1F9C0A616662 /* Pods */ = {
			isa = PBXGroup;
			children = (
				D9320A9F3354507AFDE243B4 /* Pods-InstagramClone.debug.xcconfig */,
				F544664B4E58C7A1F9CDD3AB /* Pods-InstagramClone.release.xcconfig */,
			);
			name = Pods;
			sourceTree = "<group>";
		};
		9D8F904A21A87E55004765E1 /* TabBar */ = {
			isa = PBXGroup;
			children = (
				9D8F904B21A87E6B004765E1 /* Home */,
				9D8F904C21A87E84004765E1 /* Search */,
				9D8F905421A8918A004765E1 /* AddPhoto */,
				9D8F904D21A87E95004765E1 /* Favorites */,
				4933EFD121A82C35001027D7 /* Profile */,
				49882A9C21A6EBB1009457D4 /* MainTabBarController.swift */,
			);
			path = TabBar;
			sourceTree = "<group>";
		};
		9D8F904B21A87E6B004765E1 /* Home */ = {
			isa = PBXGroup;
			children = (
				9D4CB0C721AAE93F004CA660 /* CameraController.swift */,
				9D8F905221A87ECE004765E1 /* HomeController.swift */,
				49153F5921ABD818003D2E15 /* CommentController.swift */,
			);
			path = Home;
			sourceTree = "<group>";
		};
		9D8F904C21A87E84004765E1 /* Search */ = {
			isa = PBXGroup;
			children = (
				9D8F905021A87EC5004765E1 /* SearchController.swift */,
			);
			path = Search;
			sourceTree = "<group>";
		};
		9D8F904D21A87E95004765E1 /* Favorites */ = {
			isa = PBXGroup;
			children = (
				9D8F904E21A87EB6004765E1 /* FavoritesController.swift */,
			);
			path = Favorites;
			sourceTree = "<group>";
		};
		9D8F905421A8918A004765E1 /* AddPhoto */ = {
			isa = PBXGroup;
			children = (
				9D8F905521A8919B004765E1 /* AddPhotoController.swift */,
				9D8F905B21A92C59004765E1 /* SharePhotoController.swift */,
			);
			path = AddPhoto;
			sourceTree = "<group>";
		};
/* End PBXGroup section */

/* Begin PBXNativeTarget section */
		49882A7C21A5780E009457D4 /* InstagramClone */ = {
			isa = PBXNativeTarget;
			buildConfigurationList = 49882A8F21A5780F009457D4 /* Build configuration list for PBXNativeTarget "InstagramClone" */;
			buildPhases = (
				FA61B0E8151BB84901ABA646 /* [CP] Check Pods Manifest.lock */,
				49882A7921A5780E009457D4 /* Sources */,
				49882A7A21A5780E009457D4 /* Frameworks */,
				49882A7B21A5780E009457D4 /* Resources */,
				1A97A05887745009521462FE /* [CP] Embed Pods Frameworks */,
			);
			buildRules = (
			);
			dependencies = (
			);
			name = InstagramClone;
			productName = InstagramClone;
			productReference = 49882A7D21A5780E009457D4 /* InstagramClone.app */;
			productType = "com.apple.product-type.application";
		};
/* End PBXNativeTarget section */

/* Begin PBXProject section */
		49882A7521A5780E009457D4 /* Project object */ = {
			isa = PBXProject;
			attributes = {
				LastSwiftUpdateCheck = 1010;
				LastUpgradeCheck = 1010;
				ORGANIZATIONNAME = msalihkocak;
				TargetAttributes = {
					49882A7C21A5780E009457D4 = {
						CreatedOnToolsVersion = 10.1;
						SystemCapabilities = {
							com.apple.Push = {
								enabled = 1;
							};
						};
					};
				};
			};
			buildConfigurationList = 49882A7821A5780E009457D4 /* Build configuration list for PBXProject "InstagramClone" */;
			compatibilityVersion = "Xcode 9.3";
			developmentRegion = en;
			hasScannedForEncodings = 0;
			knownRegions = (
				en,
				Base,
			);
			mainGroup = 49882A7421A5780E009457D4;
			productRefGroup = 49882A7E21A5780E009457D4 /* Products */;
			projectDirPath = "";
			projectRoot = "";
			targets = (
				49882A7C21A5780E009457D4 /* InstagramClone */,
			);
		};
/* End PBXProject section */

/* Begin PBXResourcesBuildPhase section */
		49882A7B21A5780E009457D4 /* Resources */ = {
			isa = PBXResourcesBuildPhase;
			buildActionMask = 2147483647;
			files = (
				49882A8B21A5780F009457D4 /* LaunchScreen.storyboard in Resources */,
				49882A8821A5780F009457D4 /* Assets.xcassets in Resources */,
				49882A9B21A68F07009457D4 /* GoogleService-Info.plist in Resources */,
			);
			runOnlyForDeploymentPostprocessing = 0;
		};
/* End PBXResourcesBuildPhase section */

/* Begin PBXShellScriptBuildPhase section */
		1A97A05887745009521462FE /* [CP] Embed Pods Frameworks */ = {
			isa = PBXShellScriptBuildPhase;
			buildActionMask = 2147483647;
			files = (
			);
			inputPaths = (
				"${SRCROOT}/Pods/Target Support Files/Pods-InstagramClone/Pods-InstagramClone-frameworks.sh",
				"${BUILT_PRODUCTS_DIR}/GTMSessionFetcher/GTMSessionFetcher.framework",
				"${BUILT_PRODUCTS_DIR}/GoogleToolboxForMac/GoogleToolboxForMac.framework",
				"${BUILT_PRODUCTS_DIR}/Protobuf/Protobuf.framework",
				"${BUILT_PRODUCTS_DIR}/leveldb-library/leveldb.framework",
				"${BUILT_PRODUCTS_DIR}/nanopb/nanopb.framework",
			);
			name = "[CP] Embed Pods Frameworks";
			outputPaths = (
				"${TARGET_BUILD_DIR}/${FRAMEWORKS_FOLDER_PATH}/GTMSessionFetcher.framework",
				"${TARGET_BUILD_DIR}/${FRAMEWORKS_FOLDER_PATH}/GoogleToolboxForMac.framework",
				"${TARGET_BUILD_DIR}/${FRAMEWORKS_FOLDER_PATH}/Protobuf.framework",
				"${TARGET_BUILD_DIR}/${FRAMEWORKS_FOLDER_PATH}/leveldb.framework",
				"${TARGET_BUILD_DIR}/${FRAMEWORKS_FOLDER_PATH}/nanopb.framework",
			);
			runOnlyForDeploymentPostprocessing = 0;
			shellPath = /bin/sh;
			shellScript = "\"${SRCROOT}/Pods/Target Support Files/Pods-InstagramClone/Pods-InstagramClone-frameworks.sh\"\n";
			showEnvVarsInLog = 0;
		};
		FA61B0E8151BB84901ABA646 /* [CP] Check Pods Manifest.lock */ = {
			isa = PBXShellScriptBuildPhase;
			buildActionMask = 2147483647;
			files = (
			);
			inputPaths = (
				"${PODS_PODFILE_DIR_PATH}/Podfile.lock",
				"${PODS_ROOT}/Manifest.lock",
			);
			name = "[CP] Check Pods Manifest.lock";
			outputPaths = (
				"$(DERIVED_FILE_DIR)/Pods-InstagramClone-checkManifestLockResult.txt",
			);
			runOnlyForDeploymentPostprocessing = 0;
			shellPath = /bin/sh;
			shellScript = "diff \"${PODS_PODFILE_DIR_PATH}/Podfile.lock\" \"${PODS_ROOT}/Manifest.lock\" > /dev/null\nif [ $? != 0 ] ; then\n    # print error to STDERR\n    echo \"error: The sandbox is not in sync with the Podfile.lock. Run 'pod install' or update your CocoaPods installation.\" >&2\n    exit 1\nfi\n# This output is used by Xcode 'outputs' to avoid re-running this script phase.\necho \"SUCCESS\" > \"${SCRIPT_OUTPUT_FILE_0}\"\n";
			showEnvVarsInLog = 0;
		};
/* End PBXShellScriptBuildPhase section */

/* Begin PBXSourcesBuildPhase section */
		49882A7921A5780E009457D4 /* Sources */ = {
			isa = PBXSourcesBuildPhase;
			buildActionMask = 2147483647;
			files = (
				4933EFD521A83874001027D7 /* Utility.swift in Sources */,
				4933EFD321A82C59001027D7 /* LoginViewController.swift in Sources */,
				49882A9521A578BA009457D4 /* RegisterController.swift in Sources */,
				9D8F906021A94DFB004765E1 /* UserProfileCell.swift in Sources */,
				9D8F906221A99734004765E1 /* HomePostCell.swift in Sources */,
				49882AA721A71018009457D4 /* Service.swift in Sources */,
				9D4CB0C821AAE93F004CA660 /* CameraController.swift in Sources */,
				49882AA521A6F87D009457D4 /* UserProfileHeader.swift in Sources */,
				49882A9921A5F001009457D4 /* Extensions.swift in Sources */,
				9D8F905821A8A50C004765E1 /* AddPhotoCell.swift in Sources */,
				9D8F905321A87ECE004765E1 /* HomeController.swift in Sources */,
				49153F5A21ABD818003D2E15 /* CommentController.swift in Sources */,
				9D4CB0CC21AB1FC2004CA660 /* SKAnimationPresenter.swift in Sources */,
				9D4CB0CA21AB0132004CA660 /* PreviewImageContainerView.swift in Sources */,
				49153F5E21AC0BDD003D2E15 /* CommentCell.swift in Sources */,
				49882AA221A6F1AE009457D4 /* User.swift in Sources */,
				9D8F905621A8919B004765E1 /* AddPhotoController.swift in Sources */,
				9D8F905C21A92C59004765E1 /* SharePhotoController.swift in Sources */,
				9D8F905121A87EC5004765E1 /* SearchController.swift in Sources */,
				9D8F905A21A8A695004765E1 /* AddPhotoHeader.swift in Sources */,
				49882A9D21A6EBB1009457D4 /* MainTabBarController.swift in Sources */,
				49882A9F21A6EBE1009457D4 /* UserProfileController.swift in Sources */,
				49153F5C21AC0B61003D2E15 /* Comment.swift in Sources */,
				9D8F905E21A94069004765E1 /* Post.swift in Sources */,
				49882A8121A5780E009457D4 /* AppDelegate.swift in Sources */,
				9D4CB0C621A9FA8E004CA660 /* UserSearchCell.swift in Sources */,
				9D8F904F21A87EB6004765E1 /* FavoritesController.swift in Sources */,
			);
			runOnlyForDeploymentPostprocessing = 0;
		};
/* End PBXSourcesBuildPhase section */

/* Begin PBXVariantGroup section */
		49882A8921A5780F009457D4 /* LaunchScreen.storyboard */ = {
			isa = PBXVariantGroup;
			children = (
				49882A8A21A5780F009457D4 /* Base */,
			);
			name = LaunchScreen.storyboard;
			sourceTree = "<group>";
		};
/* End PBXVariantGroup section */

/* Begin XCBuildConfiguration section */
		49882A8D21A5780F009457D4 /* Debug */ = {
			isa = XCBuildConfiguration;
			buildSettings = {
				ALWAYS_SEARCH_USER_PATHS = NO;
				CLANG_ANALYZER_NONNULL = YES;
				CLANG_ANALYZER_NUMBER_OBJECT_CONVERSION = YES_AGGRESSIVE;
				CLANG_CXX_LANGUAGE_STANDARD = "gnu++14";
				CLANG_CXX_LIBRARY = "libc++";
				CLANG_ENABLE_MODULES = YES;
				CLANG_ENABLE_OBJC_ARC = YES;
				CLANG_ENABLE_OBJC_WEAK = YES;
				CLANG_WARN_BLOCK_CAPTURE_AUTORELEASING = YES;
				CLANG_WARN_BOOL_CONVERSION = YES;
				CLANG_WARN_COMMA = YES;
				CLANG_WARN_CONSTANT_CONVERSION = YES;
				CLANG_WARN_DEPRECATED_OBJC_IMPLEMENTATIONS = YES;
				CLANG_WARN_DIRECT_OBJC_ISA_USAGE = YES_ERROR;
				CLANG_WARN_DOCUMENTATION_COMMENTS = YES;
				CLANG_WARN_EMPTY_BODY = YES;
				CLANG_WARN_ENUM_CONVERSION = YES;
				CLANG_WARN_INFINITE_RECURSION = YES;
				CLANG_WARN_INT_CONVERSION = YES;
				CLANG_WARN_NON_LITERAL_NULL_CONVERSION = YES;
				CLANG_WARN_OBJC_IMPLICIT_RETAIN_SELF = YES;
				CLANG_WARN_OBJC_LITERAL_CONVERSION = YES;
				CLANG_WARN_OBJC_ROOT_CLASS = YES_ERROR;
				CLANG_WARN_RANGE_LOOP_ANALYSIS = YES;
				CLANG_WARN_STRICT_PROTOTYPES = YES;
				CLANG_WARN_SUSPICIOUS_MOVE = YES;
				CLANG_WARN_UNGUARDED_AVAILABILITY = YES_AGGRESSIVE;
				CLANG_WARN_UNREACHABLE_CODE = YES;
				CLANG_WARN__DUPLICATE_METHOD_MATCH = YES;
				CODE_SIGN_IDENTITY = "iPhone Developer";
				COPY_PHASE_STRIP = NO;
				DEBUG_INFORMATION_FORMAT = dwarf;
				ENABLE_STRICT_OBJC_MSGSEND = YES;
				ENABLE_TESTABILITY = YES;
				GCC_C_LANGUAGE_STANDARD = gnu11;
				GCC_DYNAMIC_NO_PIC = NO;
				GCC_NO_COMMON_BLOCKS = YES;
				GCC_OPTIMIZATION_LEVEL = 0;
				GCC_PREPROCESSOR_DEFINITIONS = (
					"DEBUG=1",
					"$(inherited)",
				);
				GCC_WARN_64_TO_32_BIT_CONVERSION = YES;
				GCC_WARN_ABOUT_RETURN_TYPE = YES_ERROR;
				GCC_WARN_UNDECLARED_SELECTOR = YES;
				GCC_WARN_UNINITIALIZED_AUTOS = YES_AGGRESSIVE;
				GCC_WARN_UNUSED_FUNCTION = YES;
				GCC_WARN_UNUSED_VARIABLE = YES;
				IPHONEOS_DEPLOYMENT_TARGET = 12.1;
				MTL_ENABLE_DEBUG_INFO = INCLUDE_SOURCE;
				MTL_FAST_MATH = YES;
				ONLY_ACTIVE_ARCH = YES;
				SDKROOT = iphoneos;
				SWIFT_ACTIVE_COMPILATION_CONDITIONS = DEBUG;
				SWIFT_OPTIMIZATION_LEVEL = "-Onone";
			};
			name = Debug;
		};
		49882A8E21A5780F009457D4 /* Release */ = {
			isa = XCBuildConfiguration;
			buildSettings = {
				ALWAYS_SEARCH_USER_PATHS = NO;
				CLANG_ANALYZER_NONNULL = YES;
				CLANG_ANALYZER_NUMBER_OBJECT_CONVERSION = YES_AGGRESSIVE;
				CLANG_CXX_LANGUAGE_STANDARD = "gnu++14";
				CLANG_CXX_LIBRARY = "libc++";
				CLANG_ENABLE_MODULES = YES;
				CLANG_ENABLE_OBJC_ARC = YES;
				CLANG_ENABLE_OBJC_WEAK = YES;
				CLANG_WARN_BLOCK_CAPTURE_AUTORELEASING = YES;
				CLANG_WARN_BOOL_CONVERSION = YES;
				CLANG_WARN_COMMA = YES;
				CLANG_WARN_CONSTANT_CONVERSION = YES;
				CLANG_WARN_DEPRECATED_OBJC_IMPLEMENTATIONS = YES;
				CLANG_WARN_DIRECT_OBJC_ISA_USAGE = YES_ERROR;
				CLANG_WARN_DOCUMENTATION_COMMENTS = YES;
				CLANG_WARN_EMPTY_BODY = YES;
				CLANG_WARN_ENUM_CONVERSION = YES;
				CLANG_WARN_INFINITE_RECURSION = YES;
				CLANG_WARN_INT_CONVERSION = YES;
				CLANG_WARN_NON_LITERAL_NULL_CONVERSION = YES;
				CLANG_WARN_OBJC_IMPLICIT_RETAIN_SELF = YES;
				CLANG_WARN_OBJC_LITERAL_CONVERSION = YES;
				CLANG_WARN_OBJC_ROOT_CLASS = YES_ERROR;
				CLANG_WARN_RANGE_LOOP_ANALYSIS = YES;
				CLANG_WARN_STRICT_PROTOTYPES = YES;
				CLANG_WARN_SUSPICIOUS_MOVE = YES;
				CLANG_WARN_UNGUARDED_AVAILABILITY = YES_AGGRESSIVE;
				CLANG_WARN_UNREACHABLE_CODE = YES;
				CLANG_WARN__DUPLICATE_METHOD_MATCH = YES;
				CODE_SIGN_IDENTITY = "iPhone Developer";
				COPY_PHASE_STRIP = NO;
				DEBUG_INFORMATION_FORMAT = "dwarf-with-dsym";
				ENABLE_NS_ASSERTIONS = NO;
				ENABLE_STRICT_OBJC_MSGSEND = YES;
				GCC_C_LANGUAGE_STANDARD = gnu11;
				GCC_NO_COMMON_BLOCKS = YES;
				GCC_WARN_64_TO_32_BIT_CONVERSION = YES;
				GCC_WARN_ABOUT_RETURN_TYPE = YES_ERROR;
				GCC_WARN_UNDECLARED_SELECTOR = YES;
				GCC_WARN_UNINITIALIZED_AUTOS = YES_AGGRESSIVE;
				GCC_WARN_UNUSED_FUNCTION = YES;
				GCC_WARN_UNUSED_VARIABLE = YES;
				IPHONEOS_DEPLOYMENT_TARGET = 12.1;
				MTL_ENABLE_DEBUG_INFO = NO;
				MTL_FAST_MATH = YES;
				SDKROOT = iphoneos;
				SWIFT_COMPILATION_MODE = wholemodule;
				SWIFT_OPTIMIZATION_LEVEL = "-O";
				VALIDATE_PRODUCT = YES;
			};
			name = Release;
		};
		49882A9021A5780F009457D4 /* Debug */ = {
			isa = XCBuildConfiguration;
			baseConfigurationReference = D9320A9F3354507AFDE243B4 /* Pods-InstagramClone.debug.xcconfig */;
			buildSettings = {
				ASSETCATALOG_COMPILER_APPICON_NAME = AppIcon;
				CODE_SIGN_ENTITLEMENTS = InstagramClone/Resources/InstagramClone.entitlements;
				CODE_SIGN_STYLE = Automatic;
				DEVELOPMENT_TEAM = 65B42TTEAR;
				INFOPLIST_FILE = "$(SRCROOT)/InstagramClone/Resources/Info.plist";
				IPHONEOS_DEPLOYMENT_TARGET = 11.0;
				LD_RUNPATH_SEARCH_PATHS = (
					"$(inherited)",
					"@executable_path/Frameworks",
				);
				PRODUCT_BUNDLE_IDENTIFIER = com.msalihkocak.InstagramClone;
				PRODUCT_NAME = "$(TARGET_NAME)";
				SWIFT_VERSION = 4.2;
				TARGETED_DEVICE_FAMILY = "1,2";
			};
			name = Debug;
		};
		49882A9121A5780F009457D4 /* Release */ = {
			isa = XCBuildConfiguration;
			baseConfigurationReference = F544664B4E58C7A1F9CDD3AB /* Pods-InstagramClone.release.xcconfig */;
			buildSettings = {
				ASSETCATALOG_COMPILER_APPICON_NAME = AppIcon;
				CODE_SIGN_ENTITLEMENTS = InstagramClone/Resources/InstagramClone.entitlements;
				CODE_SIGN_STYLE = Automatic;
				DEVELOPMENT_TEAM = 65B42TTEAR;
				INFOPLIST_FILE = "$(SRCROOT)/InstagramClone/Resources/Info.plist";
				IPHONEOS_DEPLOYMENT_TARGET = 11.0;
				LD_RUNPATH_SEARCH_PATHS = (
					"$(inherited)",
					"@executable_path/Frameworks",
				);
				PRODUCT_BUNDLE_IDENTIFIER = com.msalihkocak.InstagramClone;
				PRODUCT_NAME = "$(TARGET_NAME)";
				SWIFT_VERSION = 4.2;
				TARGETED_DEVICE_FAMILY = "1,2";
			};
			name = Release;
		};
/* End XCBuildConfiguration section */

/* Begin XCConfigurationList section */
		49882A7821A5780E009457D4 /* Build configuration list for PBXProject "InstagramClone" */ = {
			isa = XCConfigurationList;
			buildConfigurations = (
				49882A8D21A5780F009457D4 /* Debug */,
				49882A8E21A5780F009457D4 /* Release */,
			);
			defaultConfigurationIsVisible = 0;
			defaultConfigurationName = Release;
		};
		49882A8F21A5780F009457D4 /* Build configuration list for PBXNativeTarget "InstagramClone" */ = {
			isa = XCConfigurationList;
			buildConfigurations = (
				49882A9021A5780F009457D4 /* Debug */,
				49882A9121A5780F009457D4 /* Release */,
			);
			defaultConfigurationIsVisible = 0;
			defaultConfigurationName = Release;
		};
/* End XCConfigurationList section */
	};
	rootObject = 49882A7521A5780E009457D4 /* Project object */;
}
